
Microsoft Visual Studio Solution File, Format Version 12.00
# Visual Studio Version 16
VisualStudioVersion = 16.0.30907.101
MinimumVisualStudioVersion = 10.0.40219.1
Project("{FAE04EC0-301F-11D3-BF4B-00C04F79EFBC}") = "HitssMeridianLink", "HitssMeridianLink\HitssMeridianLink.csproj", "{F44A8243-510A-4328-9767-F066DB4B80B1}"
EndProject
Global
	GlobalSection(SolutionConfigurationPlatforms) = preSolution
		Debug|Any CPU = Debug|Any CPU
		Release|Any CPU = Release|Any CPU
	EndGlobalSection
	GlobalSection(ProjectConfigurationPlatforms) = postSolution
		{F44A8243-510A-4328-9767-F066DB4B80B1}.Debug|Any CPU.ActiveCfg = Debug|Any CPU
		{F44A8243-510A-4328-9767-F066DB4B80B1}.Debug|Any CPU.Build.0 = Debug|Any CPU
		{F44A8243-510A-4328-9767-F066DB4B80B1}.Release|Any CPU.ActiveCfg = Release|Any CPU
		{F44A8243-510A-4328-9767-F066DB4B80B1}.Release|Any CPU.Build.0 = Release|Any CPU
	EndGlobalSection
	GlobalSection(SolutionProperties) = preSolution
		HideSolutionNode = FALSE
	EndGlobalSection
	GlobalSection(ExtensibilityGlobals) = postSolution
		SolutionGuid = {C7995F30-0F57-442D-A3D0-225876A7581D}
	EndGlobalSection
EndGlobal
